
Microsoft Visual Studio Solution File, Format Version 11.00
# Visual Studio 2010
Project("{FAE04EC0-301F-11D3-BF4B-00C04F79EFBC}") = "Sim01", "Sim01\Sim01.csproj", "{AF9D6318-16E7-406A-AD29-07901F495F23}"
EndProject
Global
	GlobalSection(SolutionConfigurationPlatforms) = preSolution
		Debug|Any CPU = Debug|Any CPU
		Release|Any CPU = Release|Any CPU
	EndGlobalSection
	GlobalSection(ProjectConfigurationPlatforms) = postSolution
		{AF9D6318-16E7-406A-AD29-07901F495F23}.Debug|Any CPU.ActiveCfg = Debug|Any CPU
		{AF9D6318-16E7-406A-AD29-07901F495F23}.Debug|Any CPU.Build.0 = Debug|Any CPU
		{AF9D6318-16E7-406A-AD29-07901F495F23}.Release|Any CPU.ActiveCfg = Release|Any CPU
		{AF9D6318-16E7-406A-AD29-07901F495F23}.Release|Any CPU.Build.0 = Release|Any CPU
	EndGlobalSection
	GlobalSection(MonoDevelopProperties) = preSolution
		StartupItem = Sim01\Sim01.csproj
	EndGlobalSection
EndGlobal
